
Microsoft Visual Studio Solution File, Format Version 12.00
# Visual Studio Version 17
VisualStudioVersion = 17.4.33403.182
MinimumVisualStudioVersion = 10.0.40219.1
Project("{FAE04EC0-301F-11D3-BF4B-00C04F79EFBC}") = "COMP282A2", "COMP282A2\COMP282A2.csproj", "{10CBDC4C-8B77-42A5-9934-BB78FC3338AC}"
EndProject
Global
	GlobalSection(SolutionConfigurationPlatforms) = preSolution
		Debug|Any CPU = Debug|Any CPU
		Release|Any CPU = Release|Any CPU
	EndGlobalSection
	GlobalSection(ProjectConfigurationPlatforms) = postSolution
		{10CBDC4C-8B77-42A5-9934-BB78FC3338AC}.Debug|Any CPU.ActiveCfg = Debug|Any CPU
		{10CBDC4C-8B77-42A5-9934-BB78FC3338AC}.Debug|Any CPU.Build.0 = Debug|Any CPU
		{10CBDC4C-8B77-42A5-9934-BB78FC3338AC}.Release|Any CPU.ActiveCfg = Release|Any CPU
		{10CBDC4C-8B77-42A5-9934-BB78FC3338AC}.Release|Any CPU.Build.0 = Release|Any CPU
	EndGlobalSection
	GlobalSection(SolutionProperties) = preSolution
		HideSolutionNode = FALSE
	EndGlobalSection
	GlobalSection(ExtensibilityGlobals) = postSolution
		SolutionGuid = {F13AB8FC-9EB6-43E7-BC0F-65262BBAFF7E}
	EndGlobalSection
EndGlobal
